
Microsoft Visual Studio Solution File, Format Version 12.00
# Visual Studio Version 17
VisualStudioVersion = 17.7.34031.279
MinimumVisualStudioVersion = 10.0.40219.1
Project("{FAE04EC0-301F-11D3-BF4B-00C04F79EFBC}") = "bak 12.01.2024", "bak 12.01.2024\bak 12.01.2024.csproj", "{2BA7D777-4FEA-4056-857A-8C9B83621A31}"
EndProject
Global
	GlobalSection(SolutionConfigurationPlatforms) = preSolution
		Debug|Any CPU = Debug|Any CPU
		Release|Any CPU = Release|Any CPU
	EndGlobalSection
	GlobalSection(ProjectConfigurationPlatforms) = postSolution
		{2BA7D777-4FEA-4056-857A-8C9B83621A31}.Debug|Any CPU.ActiveCfg = Debug|Any CPU
		{2BA7D777-4FEA-4056-857A-8C9B83621A31}.Debug|Any CPU.Build.0 = Debug|Any CPU
		{2BA7D777-4FEA-4056-857A-8C9B83621A31}.Release|Any CPU.ActiveCfg = Release|Any CPU
		{2BA7D777-4FEA-4056-857A-8C9B83621A31}.Release|Any CPU.Build.0 = Release|Any CPU
	EndGlobalSection
	GlobalSection(SolutionProperties) = preSolution
		HideSolutionNode = FALSE
	EndGlobalSection
	GlobalSection(ExtensibilityGlobals) = postSolution
		SolutionGuid = {4228D07C-B810-4BA4-8002-7B77E3CC0029}
	EndGlobalSection
EndGlobal
